
Microsoft Visual Studio Solution File, Format Version 12.00
# Visual Studio 15
VisualStudioVersion = 15.0.27703.1
MinimumVisualStudioVersion = 10.0.40219.1
Project("{9A19103F-16F7-4668-BE54-9A1E7A4F7556}") = "Question 01", "Question 01\Question 01.csproj", "{818AD700-D5CC-4262-A621-E01B5C41445B}"
EndProject
Project("{9A19103F-16F7-4668-BE54-9A1E7A4F7556}") = "Question 02", "Question 02\Question 02.csproj", "{190D237D-D208-42DC-9E74-FC503FEBE41C}"
EndProject
Project("{9A19103F-16F7-4668-BE54-9A1E7A4F7556}") = "Question 03", "Question 03\Question 03.csproj", "{2A23A02E-A12A-4459-9C6B-B9BF2D82A043}"
EndProject
Project("{9A19103F-16F7-4668-BE54-9A1E7A4F7556}") = "Question 04", "Question 04\Question 04.csproj", "{758FCF8A-23D2-46F7-A27E-40612D8E7114}"
EndProject
Project("{9A19103F-16F7-4668-BE54-9A1E7A4F7556}") = "Question 05", "Question 05\Question 05.csproj", "{5168C01F-F894-4346-AB9D-EEB9FE529284}"
EndProject
Project("{9A19103F-16F7-4668-BE54-9A1E7A4F7556}") = "Question 06", "Question 06\Question 06.csproj", "{37290BD9-7CC2-4B24-9FD8-6E882328CD17}"
EndProject
Project("{FAE04EC0-301F-11D3-BF4B-00C04F79EFBC}") = "Question 07", "Question 07\Question 07.csproj", "{34776C63-B6C9-42C4-B68D-0E72E4F56DEF}"
EndProject
Project("{FAE04EC0-301F-11D3-BF4B-00C04F79EFBC}") = "Question 08", "Question 08\Question 08.csproj", "{0081EF25-FE0A-4E43-97F4-E540DEA8BCE8}"
EndProject
Project("{FAE04EC0-301F-11D3-BF4B-00C04F79EFBC}") = "Question 09", "Question 09\Question 09.csproj", "{A88AE48F-3688-4752-84BC-4B1BFDF0CE6C}"
EndProject
Project("{FAE04EC0-301F-11D3-BF4B-00C04F79EFBC}") = "Question 10", "Question 10\Question 10.csproj", "{55C610C6-650B-4FA7-992B-61A7A95A5405}"
EndProject
Global
	GlobalSection(SolutionConfigurationPlatforms) = preSolution
		Debug|Any CPU = Debug|Any CPU
		Release|Any CPU = Release|Any CPU
	EndGlobalSection
	GlobalSection(ProjectConfigurationPlatforms) = postSolution
		{818AD700-D5CC-4262-A621-E01B5C41445B}.Debug|Any CPU.ActiveCfg = Debug|Any CPU
		{818AD700-D5CC-4262-A621-E01B5C41445B}.Debug|Any CPU.Build.0 = Debug|Any CPU
		{818AD700-D5CC-4262-A621-E01B5C41445B}.Release|Any CPU.ActiveCfg = Release|Any CPU
		{818AD700-D5CC-4262-A621-E01B5C41445B}.Release|Any CPU.Build.0 = Release|Any CPU
		{190D237D-D208-42DC-9E74-FC503FEBE41C}.Debug|Any CPU.ActiveCfg = Debug|Any CPU
		{190D237D-D208-42DC-9E74-FC503FEBE41C}.Debug|Any CPU.Build.0 = Debug|Any CPU
		{190D237D-D208-42DC-9E74-FC503FEBE41C}.Release|Any CPU.ActiveCfg = Release|Any CPU
		{190D237D-D208-42DC-9E74-FC503FEBE41C}.Release|Any CPU.Build.0 = Release|Any CPU
		{2A23A02E-A12A-4459-9C6B-B9BF2D82A043}.Debug|Any CPU.ActiveCfg = Debug|Any CPU
		{2A23A02E-A12A-4459-9C6B-B9BF2D82A043}.Debug|Any CPU.Build.0 = Debug|Any CPU
		{2A23A02E-A12A-4459-9C6B-B9BF2D82A043}.Release|Any CPU.ActiveCfg = Release|Any CPU
		{2A23A02E-A12A-4459-9C6B-B9BF2D82A043}.Release|Any CPU.Build.0 = Release|Any CPU
		{758FCF8A-23D2-46F7-A27E-40612D8E7114}.Debug|Any CPU.ActiveCfg = Debug|Any CPU
		{758FCF8A-23D2-46F7-A27E-40612D8E7114}.Debug|Any CPU.Build.0 = Debug|Any CPU
		{758FCF8A-23D2-46F7-A27E-40612D8E7114}.Release|Any CPU.ActiveCfg = Release|Any CPU
		{758FCF8A-23D2-46F7-A27E-40612D8E7114}.Release|Any CPU.Build.0 = Release|Any CPU
		{5168C01F-F894-4346-AB9D-EEB9FE529284}.Debug|Any CPU.ActiveCfg = Debug|Any CPU
		{5168C01F-F894-4346-AB9D-EEB9FE529284}.Debug|Any CPU.Build.0 = Debug|Any CPU
		{5168C01F-F894-4346-AB9D-EEB9FE529284}.Release|Any CPU.ActiveCfg = Release|Any CPU
		{5168C01F-F894-4346-AB9D-EEB9FE529284}.Release|Any CPU.Build.0 = Release|Any CPU
		{37290BD9-7CC2-4B24-9FD8-6E882328CD17}.Debug|Any CPU.ActiveCfg = Debug|Any CPU
		{37290BD9-7CC2-4B24-9FD8-6E882328CD17}.Debug|Any CPU.Build.0 = Debug|Any CPU
		{37290BD9-7CC2-4B24-9FD8-6E882328CD17}.Release|Any CPU.ActiveCfg = Release|Any CPU
		{37290BD9-7CC2-4B24-9FD8-6E882328CD17}.Release|Any CPU.Build.0 = Release|Any CPU
		{34776C63-B6C9-42C4-B68D-0E72E4F56DEF}.Debug|Any CPU.ActiveCfg = Debug|Any CPU
		{34776C63-B6C9-42C4-B68D-0E72E4F56DEF}.Debug|Any CPU.Build.0 = Debug|Any CPU
		{34776C63-B6C9-42C4-B68D-0E72E4F56DEF}.Release|Any CPU.ActiveCfg = Release|Any CPU
		{34776C63-B6C9-42C4-B68D-0E72E4F56DEF}.Release|Any CPU.Build.0 = Release|Any CPU
		{0081EF25-FE0A-4E43-97F4-E540DEA8BCE8}.Debug|Any CPU.ActiveCfg = Debug|Any CPU
		{0081EF25-FE0A-4E43-97F4-E540DEA8BCE8}.Debug|Any CPU.Build.0 = Debug|Any CPU
		{0081EF25-FE0A-4E43-97F4-E540DEA8BCE8}.Release|Any CPU.ActiveCfg = Release|Any CPU
		{0081EF25-FE0A-4E43-97F4-E540DEA8BCE8}.Release|Any CPU.Build.0 = Release|Any CPU
		{A88AE48F-3688-4752-84BC-4B1BFDF0CE6C}.Debug|Any CPU.ActiveCfg = Debug|Any CPU
		{A88AE48F-3688-4752-84BC-4B1BFDF0CE6C}.Debug|Any CPU.Build.0 = Debug|Any CPU
		{A88AE48F-3688-4752-84BC-4B1BFDF0CE6C}.Release|Any CPU.ActiveCfg = Release|Any CPU
		{A88AE48F-3688-4752-84BC-4B1BFDF0CE6C}.Release|Any CPU.Build.0 = Release|Any CPU
		{55C610C6-650B-4FA7-992B-61A7A95A5405}.Debug|Any CPU.ActiveCfg = Debug|Any CPU
		{55C610C6-650B-4FA7-992B-61A7A95A5405}.Debug|Any CPU.Build.0 = Debug|Any CPU
		{55C610C6-650B-4FA7-992B-61A7A95A5405}.Release|Any CPU.ActiveCfg = Release|Any CPU
		{55C610C6-650B-4FA7-992B-61A7A95A5405}.Release|Any CPU.Build.0 = Release|Any CPU
	EndGlobalSection
	GlobalSection(SolutionProperties) = preSolution
		HideSolutionNode = FALSE
	EndGlobalSection
	GlobalSection(ExtensibilityGlobals) = postSolution
		SolutionGuid = {D60FB3E9-D34D-4A4E-AD86-613ECA60C54B}
	EndGlobalSection
EndGlobal
